# This file is autogenerated, do not edit; changes may be undone by the next 'dep ensure'.


[[projects]]
  digest = "1:7e16f29fa9d1817818a1fb2b4e6c02a22650556c86ba9e228f57113ab40cccaf"
  name = "github.com/bdlm/log"
  packages = ["."]
  pruneopts = "UT"
  revision = "51f92e4d8761f8c7690cf654277d2e2bf0b7e742"
  version = "v0.1.20"

[[projects]]
  branch = "master"
  digest = "1:9da00d14e7f20473d129be028aa99a2f47859aed17e58cd24c5108df76ad3959"
  name = "github.com/bdlm/std"
  packages = ["logger"]
  pruneopts = "UT"
  revision = "fd3b596111c78b7d14f1e1308ebdb1153013f1a8"

[[projects]]
  digest = "1:a3af33fd30536d9c5a7b6ad542390919e57c1125097a194c7b3d9904109a0611"
  name = "github.com/go-sql-driver/mysql"
  packages = ["."]
  pruneopts = "UT"
  revision = "17ef3dd9d98b69acec3e85878995ada9533a9370"
  version = "v1.5.0"

[[projects]]
  digest = "1:31e761d97c76151dde79e9d28964a812c46efc5baee4085b86f68f0c654450de"
  name = "github.com/konsorten/go-windows-terminal-sequences"
  packages = ["."]
  pruneopts = "UT"
  revision = "f55edac94c9bbba5d6182a4be46d86a2c9b5b50e"
  version = "v1.0.2"

[[projects]]
  digest = "1:0599141a8403114d34f1e546604ad6c5361b70dfa80e80c635f438cdbf71b43a"
  name = "github.com/sirupsen/logrus"
  packages = ["."]
  pruneopts = "UT"
  revision = "d417be0fe654de640a82370515129985b407c7e3"
  version = "v1.5.0"

[[projects]]
  branch = "master"
  digest = "1:ad2bf20798504fbde0c5bdf5ee83d3354fb101d32c5b2267f811c1958b91b0ab"
  name = "golang.org/x/crypto"
  packages = ["ssh/terminal"]
  pruneopts = "UT"
  revision = "056763e48d71961566155f089ac0f02f1dda9b5a"

[[projects]]
  branch = "master"
  digest = "1:734913c949b634e396785ffbb4e57bc7c05ee1ad5446b3d2ce28ec113f6b81e3"
  name = "golang.org/x/sys"
  packages = [
    "unix",
    "windows",
  ]
  pruneopts = "UT"
  revision = "e3b113bbe6a423737ae98f42118ce9366e112e12"

[solve-meta]
  analyzer-name = "dep"
  analyzer-version = 1
  input-imports = [
    "github.com/bdlm/log",
    "github.com/go-sql-driver/mysql",
    "github.com/sirupsen/logrus",
  ]
  solver-name = "gps-cdcl"
  solver-version = 1
